
Microsoft Visual Studio Solution File, Format Version 12.00
# Visual Studio Version 16
VisualStudioVersion = 16.0.30114.105
MinimumVisualStudioVersion = 10.0.40219.1
Project("{FAE04EC0-301F-11D3-BF4B-00C04F79EFBC}") = "Xamarin.Forms.Core", "Xamarin.Forms.Core\Xamarin.Forms.Core.csproj", "{A6097788-D282-4021-9174-A1EEB8F55A19}"
EndProject
Project("{FAE04EC0-301F-11D3-BF4B-00C04F79EFBC}") = "Xamarin.Forms.Platform", "Xamarin.Forms.Platform\Xamarin.Forms.Platform.csproj", "{1A5E6578-2086-4EC9-9670-E9CBEB7CE182}"
EndProject
Project("{D954291E-2A0B-460D-934E-DC6B0785DB48}") = "Xamarin.Forms.Platform.MacOS.Shared", "Xamarin.Forms.Platform.MacOS.Shared\Xamarin.Forms.Platform.MacOS.Shared.shproj", "{86B83991-DC89-441C-8C66-B134FA84C249}"
EndProject
Project("{FAE04EC0-301F-11D3-BF4B-00C04F79EFBC}") = "Xamarin.Forms.Platform.MacOS.Net6", "Xamarin.Forms.Platform.MacOS.Net6\Xamarin.Forms.Platform.MacOS.Net6.csproj", "{B35B927C-0AC4-412F-8B4C-81F3156AEAD2}"
EndProject
Project("{FAE04EC0-301F-11D3-BF4B-00C04F79EFBC}") = "Xamarin.Forms.Xaml", "Xamarin.Forms.Xaml\Xamarin.Forms.Xaml.csproj", "{12D211A1-C4BA-4F48-9EB5-0C678061DE78}"
EndProject
Project("{FAE04EC0-301F-11D3-BF4B-00C04F79EFBC}") = "Xamarin.Forms.ControlGallery.MacOS.Net6", "Xamarin.Forms.ControlGallery.MacOS.Net6\Xamarin.Forms.ControlGallery.MacOS.Net6.csproj", "{25B8BFA1-039F-45D7-9F91-48B1D1F36F3F}"
EndProject
Project("{D954291E-2A0B-460D-934E-DC6B0785DB48}") = "Xamarin.Forms.Controls.Issues.Shared", "Xamarin.Forms.Controls.Issues\Xamarin.Forms.Controls.Issues.Shared\Xamarin.Forms.Controls.Issues.Shared.shproj", "{0F0DB9CC-EA65-429C-9363-38624BF8F49C}"
EndProject
Project("{FAE04EC0-301F-11D3-BF4B-00C04F79EFBC}") = "Xamarin.Forms.Maps", "Xamarin.Forms.Maps\Xamarin.Forms.Maps.csproj", "{292009F2-B7A6-45D1-A4B8-642BB81AEE98}"
EndProject
Project("{FAE04EC0-301F-11D3-BF4B-00C04F79EFBC}") = "Xamarin.Forms.Maps.MacOS.Net6", "Xamarin.Forms.Maps.MacOS.Net6\Xamarin.Forms.Maps.MacOS.Net6.csproj", "{AB909868-5DC9-4207-8F48-29515A447BC9}"
EndProject
Project("{FAE04EC0-301F-11D3-BF4B-00C04F79EFBC}") = "Xamarin.Forms.CustomAttributes", "Xamarin.Forms.CustomAttributes\Xamarin.Forms.CustomAttributes.csproj", "{9D0075FA-D69F-4812-B6A1-3E16FB48AE42}"
EndProject
Project("{FAE04EC0-301F-11D3-BF4B-00C04F79EFBC}") = "Xamarin.Forms.Controls", "Xamarin.Forms.Controls\Xamarin.Forms.Controls.csproj", "{43F8FF92-67DD-468E-B247-130D384CE3B6}"
EndProject
Project("{FAE04EC0-301F-11D3-BF4B-00C04F79EFBC}") = "Xamarin.Forms.Build.Tasks", "Xamarin.Forms.Build.Tasks\Xamarin.Forms.Build.Tasks.csproj", "{A85848EC-4F3E-4870-BACF-0C107CDCF460}"
EndProject
Project("{2150E333-8FDC-42A3-9474-1A3956D46DE8}") = "Control Gallery", "Control Gallery", "{EA556904-B46D-4C6D-90E1-BDDAD317E838}"
EndProject
Project("{2150E333-8FDC-42A3-9474-1A3956D46DE8}") = "Platforms", "Platforms", "{A70C6772-AEF2-4C85-B730-142364CC9290}"
EndProject
Project("{2150E333-8FDC-42A3-9474-1A3956D46DE8}") = "PlatformUnitTests", "PlatformUnitTests", "{764AEB19-5FD4-460B-8597-FEDB1A64285A}"
EndProject
Project("{2150E333-8FDC-42A3-9474-1A3956D46DE8}") = "UITests", "UITests", "{195D4A5C-C687-4E44-81CC-69C10FF87AD4}"
EndProject
Project("{2150E333-8FDC-42A3-9474-1A3956D46DE8}") = "UnitTests", "UnitTests", "{12718A72-2085-496E-8FD6-D26C47BDB9A8}"
EndProject
Project("{2150E333-8FDC-42A3-9474-1A3956D46DE8}") = "Xamarin.Forms", "Xamarin.Forms", "{7D72CC37-6F32-4869-9A19-3F65A027933E}"
EndProject
Project("{2150E333-8FDC-42A3-9474-1A3956D46DE8}") = "Xamarin.Forms.Maps", "Xamarin.Forms.Maps", "{4C777C3B-A7C9-4617-B2CA-B83E7E512376}"
EndProject
Project("{2150E333-8FDC-42A3-9474-1A3956D46DE8}") = "Xamarin.Forms.Material", "Xamarin.Forms.Material", "{2016CD5F-A218-4E34-B589-700B8C023A3C}"
EndProject
Project("{2150E333-8FDC-42A3-9474-1A3956D46DE8}") = "新しいフォルダー", "新しいフォルダー", "{C7C12FB2-1E08-415E-BCDC-617938CA89B7}"
EndProject
Project("{2150E333-8FDC-42A3-9474-1A3956D46DE8}") = "Xamarin.Forms.Xaml", "Xamarin.Forms.Xaml", "{BB395377-F499-4526-8655-5ADC36A1289B}"
EndProject
Global
	GlobalSection(SolutionConfigurationPlatforms) = preSolution
		Debug|Any CPU = Debug|Any CPU
		Release|Any CPU = Release|Any CPU
	EndGlobalSection
	GlobalSection(SolutionProperties) = preSolution
		HideSolutionNode = FALSE
	EndGlobalSection
	GlobalSection(ProjectConfigurationPlatforms) = postSolution
		{A6097788-D282-4021-9174-A1EEB8F55A19}.Debug|Any CPU.ActiveCfg = Debug|Any CPU
		{A6097788-D282-4021-9174-A1EEB8F55A19}.Debug|Any CPU.Build.0 = Debug|Any CPU
		{A6097788-D282-4021-9174-A1EEB8F55A19}.Release|Any CPU.ActiveCfg = Release|Any CPU
		{A6097788-D282-4021-9174-A1EEB8F55A19}.Release|Any CPU.Build.0 = Release|Any CPU
		{1A5E6578-2086-4EC9-9670-E9CBEB7CE182}.Debug|Any CPU.ActiveCfg = Debug|Any CPU
		{1A5E6578-2086-4EC9-9670-E9CBEB7CE182}.Debug|Any CPU.Build.0 = Debug|Any CPU
		{1A5E6578-2086-4EC9-9670-E9CBEB7CE182}.Release|Any CPU.ActiveCfg = Release|Any CPU
		{1A5E6578-2086-4EC9-9670-E9CBEB7CE182}.Release|Any CPU.Build.0 = Release|Any CPU
		{B35B927C-0AC4-412F-8B4C-81F3156AEAD2}.Debug|Any CPU.ActiveCfg = Debug|Any CPU
		{B35B927C-0AC4-412F-8B4C-81F3156AEAD2}.Debug|Any CPU.Build.0 = Debug|Any CPU
		{B35B927C-0AC4-412F-8B4C-81F3156AEAD2}.Release|Any CPU.ActiveCfg = Release|Any CPU
		{B35B927C-0AC4-412F-8B4C-81F3156AEAD2}.Release|Any CPU.Build.0 = Release|Any CPU
		{12D211A1-C4BA-4F48-9EB5-0C678061DE78}.Debug|Any CPU.ActiveCfg = Debug|Any CPU
		{12D211A1-C4BA-4F48-9EB5-0C678061DE78}.Debug|Any CPU.Build.0 = Debug|Any CPU
		{12D211A1-C4BA-4F48-9EB5-0C678061DE78}.Release|Any CPU.ActiveCfg = Release|Any CPU
		{12D211A1-C4BA-4F48-9EB5-0C678061DE78}.Release|Any CPU.Build.0 = Release|Any CPU
		{25B8BFA1-039F-45D7-9F91-48B1D1F36F3F}.Debug|Any CPU.ActiveCfg = Debug|Any CPU
		{25B8BFA1-039F-45D7-9F91-48B1D1F36F3F}.Debug|Any CPU.Build.0 = Debug|Any CPU
		{25B8BFA1-039F-45D7-9F91-48B1D1F36F3F}.Release|Any CPU.ActiveCfg = Release|Any CPU
		{25B8BFA1-039F-45D7-9F91-48B1D1F36F3F}.Release|Any CPU.Build.0 = Release|Any CPU
		{292009F2-B7A6-45D1-A4B8-642BB81AEE98}.Debug|Any CPU.ActiveCfg = Debug|Any CPU
		{292009F2-B7A6-45D1-A4B8-642BB81AEE98}.Debug|Any CPU.Build.0 = Debug|Any CPU
		{292009F2-B7A6-45D1-A4B8-642BB81AEE98}.Release|Any CPU.ActiveCfg = Release|Any CPU
		{292009F2-B7A6-45D1-A4B8-642BB81AEE98}.Release|Any CPU.Build.0 = Release|Any CPU
		{AB909868-5DC9-4207-8F48-29515A447BC9}.Debug|Any CPU.ActiveCfg = Debug|Any CPU
		{AB909868-5DC9-4207-8F48-29515A447BC9}.Debug|Any CPU.Build.0 = Debug|Any CPU
		{AB909868-5DC9-4207-8F48-29515A447BC9}.Release|Any CPU.ActiveCfg = Release|Any CPU
		{AB909868-5DC9-4207-8F48-29515A447BC9}.Release|Any CPU.Build.0 = Release|Any CPU
		{9D0075FA-D69F-4812-B6A1-3E16FB48AE42}.Debug|Any CPU.ActiveCfg = Debug|Any CPU
		{9D0075FA-D69F-4812-B6A1-3E16FB48AE42}.Debug|Any CPU.Build.0 = Debug|Any CPU
		{9D0075FA-D69F-4812-B6A1-3E16FB48AE42}.Release|Any CPU.ActiveCfg = Release|Any CPU
		{9D0075FA-D69F-4812-B6A1-3E16FB48AE42}.Release|Any CPU.Build.0 = Release|Any CPU
		{43F8FF92-67DD-468E-B247-130D384CE3B6}.Debug|Any CPU.ActiveCfg = Debug|Any CPU
		{43F8FF92-67DD-468E-B247-130D384CE3B6}.Debug|Any CPU.Build.0 = Debug|Any CPU
		{43F8FF92-67DD-468E-B247-130D384CE3B6}.Release|Any CPU.ActiveCfg = Release|Any CPU
		{43F8FF92-67DD-468E-B247-130D384CE3B6}.Release|Any CPU.Build.0 = Release|Any CPU
		{A85848EC-4F3E-4870-BACF-0C107CDCF460}.Debug|Any CPU.ActiveCfg = Debug|Any CPU
		{A85848EC-4F3E-4870-BACF-0C107CDCF460}.Debug|Any CPU.Build.0 = Debug|Any CPU
		{A85848EC-4F3E-4870-BACF-0C107CDCF460}.Release|Any CPU.ActiveCfg = Release|Any CPU
		{A85848EC-4F3E-4870-BACF-0C107CDCF460}.Release|Any CPU.Build.0 = Release|Any CPU
	EndGlobalSection
	GlobalSection(NestedProjects) = preSolution
		{25B8BFA1-039F-45D7-9F91-48B1D1F36F3F} = {EA556904-B46D-4C6D-90E1-BDDAD317E838}
		{C7C12FB2-1E08-415E-BCDC-617938CA89B7} = {2016CD5F-A218-4E34-B589-700B8C023A3C}
		{12D211A1-C4BA-4F48-9EB5-0C678061DE78} = {BB395377-F499-4526-8655-5ADC36A1289B}
		{1A5E6578-2086-4EC9-9670-E9CBEB7CE182} = {A70C6772-AEF2-4C85-B730-142364CC9290}
		{B35B927C-0AC4-412F-8B4C-81F3156AEAD2} = {A70C6772-AEF2-4C85-B730-142364CC9290}
		{86B83991-DC89-441C-8C66-B134FA84C249} = {A70C6772-AEF2-4C85-B730-142364CC9290}
		{292009F2-B7A6-45D1-A4B8-642BB81AEE98} = {4C777C3B-A7C9-4617-B2CA-B83E7E512376}
		{AB909868-5DC9-4207-8F48-29515A447BC9} = {4C777C3B-A7C9-4617-B2CA-B83E7E512376}
		{A6097788-D282-4021-9174-A1EEB8F55A19} = {7D72CC37-6F32-4869-9A19-3F65A027933E}
		{A85848EC-4F3E-4870-BACF-0C107CDCF460} = {BB395377-F499-4526-8655-5ADC36A1289B}
		{43F8FF92-67DD-468E-B247-130D384CE3B6} = {EA556904-B46D-4C6D-90E1-BDDAD317E838}
		{0F0DB9CC-EA65-429C-9363-38624BF8F49C} = {EA556904-B46D-4C6D-90E1-BDDAD317E838}
		{9D0075FA-D69F-4812-B6A1-3E16FB48AE42} = {BB395377-F499-4526-8655-5ADC36A1289B}
	EndGlobalSection
EndGlobal
